version = 1
revision = 3
requires-python = ">=3.14"

[[package]]
name = "daggerverse"
version = "0.1.0"
source = { virtual = "." }

[package.dev-dependencies]
dev = [
    { name = "prek" },
]

[package.metadata]

[package.metadata.requires-dev]
dev = [{ name = "prek", specifier = ">=0.3.9" }]

[[package]]
name = "prek"
version = "0.3.9"
source = { registry = "https://pypi.org/simple" }
sdist = { url = "https://files.pythonhosted.org/packages/15/ff/5b7a2a9c4fa3dd2ffc8b13a9ec22aa550deda5b39ab273f8e02863b12642/prek-0.3.9.tar.gz", hash = "sha256:f82b92d81f42f1f90a47f5fbbf492373e25ef1f790080215b2722dd6da66510e", size = 423801, upload-time = "2026-04-13T12:30:38.191Z" }
wheels = [
    { url = "https://files.pythonhosted.org/packages/3c/08/c11a6b7834b461223763b6b1552f32c9199393685d52d555de621e900ee7/prek-0.3.9-py3-none-linux_armv6l.whl", hash = "sha256:3ed793d51bfaa27bddb64d525d7acb77a7c8644f549412d82252e3eb0b88aad8", size = 5337784, upload-time = "2026-04-13T12:30:46.044Z" },
    { url = "https://files.pythonhosted.org/packages/15/d9/974b02832a645c6411069c713e3191ce807f9962006da108e4727efd2fa1/prek-0.3.9-py3-none-macosx_10_12_x86_64.whl", hash = "sha256:399c58400c0bd0b82a93a3c09dc1bfd88d8d0cfb242d414d2ed247187b06ead1", size = 5713864, upload-time = "2026-04-13T12:30:27.007Z" },
    { url = "https://files.pythonhosted.org/packages/40/e1/4ed14bef15eb30039a75177b0807ac007095a5a110284706ccf900a8d512/prek-0.3.9-py3-none-macosx_11_0_arm64.whl", hash = "sha256:e2ea1ffb124e92f081b8e2ca5b5a623a733efb3be0c5b1f4b7ffe2ee17d1f20c", size = 5290437, upload-time = "2026-04-13T12:30:30.658Z" },
    { url = "https://files.pythonhosted.org/packages/67/80/d5c3015e9da161dede566bfeef41f098f92470613157daa4f7377ab08d58/prek-0.3.9-py3-none-manylinux_2_17_aarch64.manylinux2014_aarch64.musllinux_1_1_aarch64.whl", hash = "sha256:aaf639f95b7301639298311d8d44aad0d0b4864e9736083ad3c71ce9765d37ab", size = 5536208, upload-time = "2026-04-13T12:30:47.964Z" },
    { url = "https://files.pythonhosted.org/packages/c8/54/8cdc5eb1018437d7828740defd322e7a96459c02fc8961160c4120325313/prek-0.3.9-py3-none-manylinux_2_17_armv7l.manylinux2014_armv7l.whl", hash = "sha256:ff104863b187fa443ea8451ca55d51e2c6e94f99f00d88784b5c3c4c623f1ebe", size = 5251785, upload-time = "2026-04-13T12:30:39.78Z" },
    { url = "https://files.pythonhosted.org/packages/bd/e2/a5fc35a0fd3167224a000ca1b6235ecbdea0ac77e24af5979a75b0e6b5a4/prek-0.3.9-py3-none-manylinux_2_17_i686.manylinux2014_i686.whl", hash = "sha256:039ecaf87c63a3e67cca645ebd5bc5eb6aafa6c9d929e9a27b2921e7849d7ef9", size = 5668548, upload-time = "2026-04-13T12:30:24.914Z" },
    { url = "https://files.pythonhosted.org/packages/09/e8/a189ee79f401c259f66f8af587f899d4d5bfb04e0ca371bfd01e49871007/prek-0.3.9-py3-none-manylinux_2_17_s390x.manylinux2014_s390x.whl", hash = "sha256:3bde2a3d045705095983c7f78ba04f72a7565fe1c2b4e85f5628502a254754ff", size = 6660927, upload-time = "2026-04-13T12:30:44.495Z" },
    { url = "https://files.pythonhosted.org/packages/a4/5a/54117316e98ff62a14911ad1488a3a0945530242a2ce3e92f7a40b6ccc02/prek-0.3.9-py3-none-manylinux_2_17_x86_64.manylinux2014_x86_64.whl", hash = "sha256:28a0960a21543563e2c8e19aaad176cc8423a87aac3c914d0f313030d7a9244a", size = 5932244, upload-time = "2026-04-13T12:30:49.532Z" },
    { url = "https://files.pythonhosted.org/packages/a7/f9/e88d4361f59be7adeeb3a8a3819d69d286d86fe6f7606840af6734362675/prek-0.3.9-py3-none-manylinux_2_28_aarch64.whl", hash = "sha256:0dfb5d5171d7523271909246ee306b4dc3d5b63752e7dd7c7e8a8908fc9490d1", size = 5542139, upload-time = "2026-04-13T12:30:41.266Z" },
    { url = "https://files.pythonhosted.org/packages/11/1f/204837115087bb8d063bda754a7fe975428c5d5b6548c30dd749f8ab85d4/prek-0.3.9-py3-none-manylinux_2_31_riscv64.whl", hash = "sha256:82b791bd36c1430c84d3ae7220a85152babc7eaf00f70adcb961bd594e756ba3", size = 5392519, upload-time = "2026-04-13T12:30:32.603Z" },
    { url = "https://files.pythonhosted.org/packages/bd/00/de57b5795e670b6d38e7eda6d9ac6fd6d757ca22f725e5054b042104cd53/prek-0.3.9-py3-none-musllinux_1_1_armv7l.whl", hash = "sha256:6eac6d2f736b041118f053a1487abed468a70dd85a8688eaf87bb42d3dcecf20", size = 5222780, upload-time = "2026-04-13T12:30:36.576Z" },
    { url = "https://files.pythonhosted.org/packages/f5/14/0bc055c305d92980b151f2ec00c14d28fe94c6d51180ca07fded28771cbf/prek-0.3.9-py3-none-musllinux_1_1_i686.whl", hash = "sha256:5517e46e761367a3759b3168eabc120840ffbca9dfbc53187167298a98f87dc4", size = 5524310, upload-time = "2026-04-13T12:30:34.469Z" },
    { url = "https://files.pythonhosted.org/packages/b9/d1/eebc2b69be0de36cd84adbe0a0710f4deb468a90e30525be027d6db02d54/prek-0.3.9-py3-none-musllinux_1_1_x86_64.whl", hash = "sha256:92024778cf78683ca32687bb249ab6a7d5c33887b5ee1d1a9f6d0c14228f4cf3", size = 6043751, upload-time = "2026-04-13T12:30:29.101Z" },
    { url = "https://files.pythonhosted.org/packages/46/cb/be98c04e702cbc0b0328cd745ff4634ace69ad5a84461bde36f88a7be873/prek-0.3.9-py3-none-win32.whl", hash = "sha256:7f89c55e5f480f5d073769e319924ad69d4bf9f98c5cb46a83082e26e634c958", size = 5045940, upload-time = "2026-04-13T12:30:42.882Z" },
    { url = "https://files.pythonhosted.org/packages/a6/b6/b51771d69f6282e34edeb73f23d956da34f2cabbb5ba16ba175cc0a056f9/prek-0.3.9-py3-none-win_amd64.whl", hash = "sha256:7722f3372eaa83b147e70a43cb7b9fe2128c13d0c78d8a1cdbf2a8ec2ee071eb", size = 5435204, upload-time = "2026-04-13T12:30:51.482Z" },
    { url = "https://files.pythonhosted.org/packages/30/8a/f8a87c15b095460eccd67c8d89a086b7a37aac8d363f89544b8ce6ec653d/prek-0.3.9-py3-none-win_arm64.whl", hash = "sha256:0bced6278d6cc8a4b46048979e36bc9da034611dc8facd77ab123177b833a929", size = 5279552, upload-time = "2026-04-13T12:30:53.011Z" },
]
